
Microsoft Visual Studio Solution File, Format Version 12.00
# Visual Studio 15
VisualStudioVersion = 15.0.28010.2041
MinimumVisualStudioVersion = 10.0.40219.1
Project("{FAE04EC0-301F-11D3-BF4B-00C04F79EFBC}") = "Sales.Android", "Sales\Sales.Android\Sales.Android.csproj", "{2C86C19C-A3B3-434C-8760-D14FD2062C29}"
EndProject
Project("{FAE04EC0-301F-11D3-BF4B-00C04F79EFBC}") = "Sales.iOS", "Sales\Sales.iOS\Sales.iOS.csproj", "{7D1F41D2-7B12-4032-AFAF-A2FA0D1214E9}"
EndProject
Project("{FAE04EC0-301F-11D3-BF4B-00C04F79EFBC}") = "Sales.UWP", "Sales\Sales.UWP\Sales.UWP.csproj", "{993DB475-8E19-4510-B555-54EFF378EBF1}"
EndProject
Project("{FAE04EC0-301F-11D3-BF4B-00C04F79EFBC}") = "Sales", "Sales\Sales\Sales.csproj", "{4C551FDD-CDB2-4071-96C4-B2340E21F3A5}"
EndProject
Project("{FAE04EC0-301F-11D3-BF4B-00C04F79EFBC}") = "Sales.Backend", "Sales.Backend\Sales.Backend.csproj", "{5857ED39-0CF2-48B7-9685-65B2E8EE450C}"
EndProject
Project("{FAE04EC0-301F-11D3-BF4B-00C04F79EFBC}") = "Sales.API", "Sales.API\Sales.API.csproj", "{89D77D3F-DE7F-4025-821B-8DE17DCC23E1}"
EndProject
Project("{FAE04EC0-301F-11D3-BF4B-00C04F79EFBC}") = "Sales.Domain", "Sales.Domain\Sales.Domain.csproj", "{8B83F235-1756-4100-A6E3-20F550D6E6A3}"
EndProject
Project("{FAE04EC0-301F-11D3-BF4B-00C04F79EFBC}") = "Sales.Common", "Sales.Common\Sales.Common.csproj", "{F03A6C93-4754-4C57-A443-3A9572224520}"
EndProject
Global
	GlobalSection(SolutionConfigurationPlatforms) = preSolution
		Ad-Hoc|Any CPU = Ad-Hoc|Any CPU
		Ad-Hoc|ARM = Ad-Hoc|ARM
		Ad-Hoc|iPhone = Ad-Hoc|iPhone
		Ad-Hoc|iPhoneSimulator = Ad-Hoc|iPhoneSimulator
		Ad-Hoc|x64 = Ad-Hoc|x64
		Ad-Hoc|x86 = Ad-Hoc|x86
		AppStore|Any CPU = AppStore|Any CPU
		AppStore|ARM = AppStore|ARM
		AppStore|iPhone = AppStore|iPhone
		AppStore|iPhoneSimulator = AppStore|iPhoneSimulator
		AppStore|x64 = AppStore|x64
		AppStore|x86 = AppStore|x86
		Debug|Any CPU = Debug|Any CPU
		Debug|ARM = Debug|ARM
		Debug|iPhone = Debug|iPhone
		Debug|iPhoneSimulator = Debug|iPhoneSimulator
		Debug|x64 = Debug|x64
		Debug|x86 = Debug|x86
		Release|Any CPU = Release|Any CPU
		Release|ARM = Release|ARM
		Release|iPhone = Release|iPhone
		Release|iPhoneSimulator = Release|iPhoneSimulator
		Release|x64 = Release|x64
		Release|x86 = Release|x86
	EndGlobalSection
	GlobalSection(ProjectConfigurationPlatforms) = postSolution
		{2C86C19C-A3B3-434C-8760-D14FD2062C29}.Ad-Hoc|Any CPU.ActiveCfg = Release|Any CPU
		{2C86C19C-A3B3-434C-8760-D14FD2062C29}.Ad-Hoc|Any CPU.Build.0 = Release|Any CPU
		{2C86C19C-A3B3-434C-8760-D14FD2062C29}.Ad-Hoc|Any CPU.Deploy.0 = Release|Any CPU
		{2C86C19C-A3B3-434C-8760-D14FD2062C29}.Ad-Hoc|ARM.ActiveCfg = Release|Any CPU
		{2C86C19C-A3B3-434C-8760-D14FD2062C29}.Ad-Hoc|ARM.Build.0 = Release|Any CPU
		{2C86C19C-A3B3-434C-8760-D14FD2062C29}.Ad-Hoc|ARM.Deploy.0 = Release|Any CPU
		{2C86C19C-A3B3-434C-8760-D14FD2062C29}.Ad-Hoc|iPhone.ActiveCfg = Release|Any CPU
		{2C86C19C-A3B3-434C-8760-D14FD2062C29}.Ad-Hoc|iPhone.Build.0 = Release|Any CPU
		{2C86C19C-A3B3-434C-8760-D14FD2062C29}.Ad-Hoc|iPhone.Deploy.0 = Release|Any CPU
		{2C86C19C-A3B3-434C-8760-D14FD2062C29}.Ad-Hoc|iPhoneSimulator.ActiveCfg = Release|Any CPU
		{2C86C19C-A3B3-434C-8760-D14FD2062C29}.Ad-Hoc|iPhoneSimulator.Build.0 = Release|Any CPU
		{2C86C19C-A3B3-434C-8760-D14FD2062C29}.Ad-Hoc|iPhoneSimulator.Deploy.0 = Release|Any CPU
		{2C86C19C-A3B3-434C-8760-D14FD2062C29}.Ad-Hoc|x64.ActiveCfg = Release|Any CPU
		{2C86C19C-A3B3-434C-8760-D14FD2062C29}.Ad-Hoc|x64.Build.0 = Release|Any CPU
		{2C86C19C-A3B3-434C-8760-D14FD2062C29}.Ad-Hoc|x64.Deploy.0 = Release|Any CPU
		{2C86C19C-A3B3-434C-8760-D14FD2062C29}.Ad-Hoc|x86.ActiveCfg = Release|Any CPU
		{2C86C19C-A3B3-434C-8760-D14FD2062C29}.Ad-Hoc|x86.Build.0 = Release|Any CPU
		{2C86C19C-A3B3-434C-8760-D14FD2062C29}.Ad-Hoc|x86.Deploy.0 = Release|Any CPU
		{2C86C19C-A3B3-434C-8760-D14FD2062C29}.AppStore|Any CPU.ActiveCfg = Release|Any CPU
		{2C86C19C-A3B3-434C-8760-D14FD2062C29}.AppStore|Any CPU.Build.0 = Release|Any CPU
		{2C86C19C-A3B3-434C-8760-D14FD2062C29}.AppStore|Any CPU.Deploy.0 = Release|Any CPU
		{2C86C19C-A3B3-434C-8760-D14FD2062C29}.AppStore|ARM.ActiveCfg = Release|Any CPU
		{2C86C19C-A3B3-434C-8760-D14FD2062C29}.AppStore|ARM.Build.0 = Release|Any CPU
		{2C86C19C-A3B3-434C-8760-D14FD2062C29}.AppStore|ARM.Deploy.0 = Release|Any CPU
		{2C86C19C-A3B3-434C-8760-D14FD2062C29}.AppStore|iPhone.ActiveCfg = Release|Any CPU
		{2C86C19C-A3B3-434C-8760-D14FD2062C29}.AppStore|iPhone.Build.0 = Release|Any CPU
		{2C86C19C-A3B3-434C-8760-D14FD2062C29}.AppStore|iPhone.Deploy.0 = Release|Any CPU
		{2C86C19C-A3B3-434C-8760-D14FD2062C29}.AppStore|iPhoneSimulator.ActiveCfg = Release|Any CPU
		{2C86C19C-A3B3-434C-8760-D14FD2062C29}.AppStore|iPhoneSimulator.Build.0 = Release|Any CPU
		{2C86C19C-A3B3-434C-8760-D14FD2062C29}.AppStore|iPhoneSimulator.Deploy.0 = Release|Any CPU
		{2C86C19C-A3B3-434C-8760-D14FD2062C29}.AppStore|x64.ActiveCfg = Release|Any CPU
		{2C86C19C-A3B3-434C-8760-D14FD2062C29}.AppStore|x64.Build.0 = Release|Any CPU
		{2C86C19C-A3B3-434C-8760-D14FD2062C29}.AppStore|x64.Deploy.0 = Release|Any CPU
		{2C86C19C-A3B3-434C-8760-D14FD2062C29}.AppStore|x86.ActiveCfg = Release|Any CPU
		{2C86C19C-A3B3-434C-8760-D14FD2062C29}.AppStore|x86.Build.0 = Release|Any CPU
		{2C86C19C-A3B3-434C-8760-D14FD2062C29}.AppStore|x86.Deploy.0 = Release|Any CPU
		{2C86C19C-A3B3-434C-8760-D14FD2062C29}.Debug|Any CPU.ActiveCfg = Debug|Any CPU
		{2C86C19C-A3B3-434C-8760-D14FD2062C29}.Debug|Any CPU.Build.0 = Debug|Any CPU
		{2C86C19C-A3B3-434C-8760-D14FD2062C29}.Debug|Any CPU.Deploy.0 = Debug|Any CPU
		{2C86C19C-A3B3-434C-8760-D14FD2062C29}.Debug|ARM.ActiveCfg = Debug|Any CPU
		{2C86C19C-A3B3-434C-8760-D14FD2062C29}.Debug|ARM.Build.0 = Debug|Any CPU
		{2C86C19C-A3B3-434C-8760-D14FD2062C29}.Debug|ARM.Deploy.0 = Debug|Any CPU
		{2C86C19C-A3B3-434C-8760-D14FD2062C29}.Debug|iPhone.ActiveCfg = Debug|Any CPU
		{2C86C19C-A3B3-434C-8760-D14FD2062C29}.Debug|iPhone.Build.0 = Debug|Any CPU
		{2C86C19C-A3B3-434C-8760-D14FD2062C29}.Debug|iPhone.Deploy.0 = Debug|Any CPU
		{2C86C19C-A3B3-434C-8760-D14FD2062C29}.Debug|iPhoneSimulator.ActiveCfg = Debug|Any CPU
		{2C86C19C-A3B3-434C-8760-D14FD2062C29}.Debug|iPhoneSimulator.Build.0 = Debug|Any CPU
		{2C86C19C-A3B3-434C-8760-D14FD2062C29}.Debug|iPhoneSimulator.Deploy.0 = Debug|Any CPU
		{2C86C19C-A3B3-434C-8760-D14FD2062C29}.Debug|x64.ActiveCfg = Debug|Any CPU
		{2C86C19C-A3B3-434C-8760-D14FD2062C29}.Debug|x64.Build.0 = Debug|Any CPU
		{2C86C19C-A3B3-434C-8760-D14FD2062C29}.Debug|x64.Deploy.0 = Debug|Any CPU
		{2C86C19C-A3B3-434C-8760-D14FD2062C29}.Debug|x86.ActiveCfg = Debug|Any CPU
		{2C86C19C-A3B3-434C-8760-D14FD2062C29}.Debug|x86.Build.0 = Debug|Any CPU
		{2C86C19C-A3B3-434C-8760-D14FD2062C29}.Debug|x86.Deploy.0 = Debug|Any CPU
		{2C86C19C-A3B3-434C-8760-D14FD2062C29}.Release|Any CPU.ActiveCfg = Release|Any CPU
		{2C86C19C-A3B3-434C-8760-D14FD2062C29}.Release|Any CPU.Build.0 = Release|Any CPU
		{2C86C19C-A3B3-434C-8760-D14FD2062C29}.Release|Any CPU.Deploy.0 = Release|Any CPU
		{2C86C19C-A3B3-434C-8760-D14FD2062C29}.Release|ARM.ActiveCfg = Release|Any CPU
		{2C86C19C-A3B3-434C-8760-D14FD2062C29}.Release|ARM.Build.0 = Release|Any CPU
		{2C86C19C-A3B3-434C-8760-D14FD2062C29}.Release|ARM.Deploy.0 = Release|Any CPU
		{2C86C19C-A3B3-434C-8760-D14FD2062C29}.Release|iPhone.ActiveCfg = Release|Any CPU
		{2C86C19C-A3B3-434C-8760-D14FD2062C29}.Release|iPhone.Build.0 = Release|Any CPU
		{2C86C19C-A3B3-434C-8760-D14FD2062C29}.Release|iPhone.Deploy.0 = Release|Any CPU
		{2C86C19C-A3B3-434C-8760-D14FD2062C29}.Release|iPhoneSimulator.ActiveCfg = Release|Any CPU
		{2C86C19C-A3B3-434C-8760-D14FD2062C29}.Release|iPhoneSimulator.Build.0 = Release|Any CPU
		{2C86C19C-A3B3-434C-8760-D14FD2062C29}.Release|iPhoneSimulator.Deploy.0 = Release|Any CPU
		{2C86C19C-A3B3-434C-8760-D14FD2062C29}.Release|x64.ActiveCfg = Release|Any CPU
		{2C86C19C-A3B3-434C-8760-D14FD2062C29}.Release|x64.Build.0 = Release|Any CPU
		{2C86C19C-A3B3-434C-8760-D14FD2062C29}.Release|x64.Deploy.0 = Release|Any CPU
		{2C86C19C-A3B3-434C-8760-D14FD2062C29}.Release|x86.ActiveCfg = Release|Any CPU
		{2C86C19C-A3B3-434C-8760-D14FD2062C29}.Release|x86.Build.0 = Release|Any CPU
		{2C86C19C-A3B3-434C-8760-D14FD2062C29}.Release|x86.Deploy.0 = Release|Any CPU
		{7D1F41D2-7B12-4032-AFAF-A2FA0D1214E9}.Ad-Hoc|Any CPU.ActiveCfg = Ad-Hoc|iPhone
		{7D1F41D2-7B12-4032-AFAF-A2FA0D1214E9}.Ad-Hoc|Any CPU.Build.0 = Ad-Hoc|iPhone
		{7D1F41D2-7B12-4032-AFAF-A2FA0D1214E9}.Ad-Hoc|Any CPU.Deploy.0 = Ad-Hoc|iPhone
		{7D1F41D2-7B12-4032-AFAF-A2FA0D1214E9}.Ad-Hoc|ARM.ActiveCfg = Ad-Hoc|iPhone
		{7D1F41D2-7B12-4032-AFAF-A2FA0D1214E9}.Ad-Hoc|ARM.Build.0 = Ad-Hoc|iPhone
		{7D1F41D2-7B12-4032-AFAF-A2FA0D1214E9}.Ad-Hoc|ARM.Deploy.0 = Ad-Hoc|iPhone
		{7D1F41D2-7B12-4032-AFAF-A2FA0D1214E9}.Ad-Hoc|iPhone.ActiveCfg = Ad-Hoc|iPhone
		{7D1F41D2-7B12-4032-AFAF-A2FA0D1214E9}.Ad-Hoc|iPhone.Build.0 = Ad-Hoc|iPhone
		{7D1F41D2-7B12-4032-AFAF-A2FA0D1214E9}.Ad-Hoc|iPhone.Deploy.0 = Ad-Hoc|iPhone
		{7D1F41D2-7B12-4032-AFAF-A2FA0D1214E9}.Ad-Hoc|iPhoneSimulator.ActiveCfg = Ad-Hoc|iPhoneSimulator
		{7D1F41D2-7B12-4032-AFAF-A2FA0D1214E9}.Ad-Hoc|iPhoneSimulator.Build.0 = Ad-Hoc|iPhoneSimulator
		{7D1F41D2-7B12-4032-AFAF-A2FA0D1214E9}.Ad-Hoc|iPhoneSimulator.Deploy.0 = Ad-Hoc|iPhoneSimulator
		{7D1F41D2-7B12-4032-AFAF-A2FA0D1214E9}.Ad-Hoc|x64.ActiveCfg = Ad-Hoc|iPhone
		{7D1F41D2-7B12-4032-AFAF-A2FA0D1214E9}.Ad-Hoc|x64.Build.0 = Ad-Hoc|iPhone
		{7D1F41D2-7B12-4032-AFAF-A2FA0D1214E9}.Ad-Hoc|x64.Deploy.0 = Ad-Hoc|iPhone
		{7D1F41D2-7B12-4032-AFAF-A2FA0D1214E9}.Ad-Hoc|x86.ActiveCfg = Ad-Hoc|iPhone
		{7D1F41D2-7B12-4032-AFAF-A2FA0D1214E9}.Ad-Hoc|x86.Build.0 = Ad-Hoc|iPhone
		{7D1F41D2-7B12-4032-AFAF-A2FA0D1214E9}.Ad-Hoc|x86.Deploy.0 = Ad-Hoc|iPhone
		{7D1F41D2-7B12-4032-AFAF-A2FA0D1214E9}.AppStore|Any CPU.ActiveCfg = AppStore|iPhone
		{7D1F41D2-7B12-4032-AFAF-A2FA0D1214E9}.AppStore|Any CPU.Build.0 = AppStore|iPhone
		{7D1F41D2-7B12-4032-AFAF-A2FA0D1214E9}.AppStore|Any CPU.Deploy.0 = AppStore|iPhone
		{7D1F41D2-7B12-4032-AFAF-A2FA0D1214E9}.AppStore|ARM.ActiveCfg = AppStore|iPhone
		{7D1F41D2-7B12-4032-AFAF-A2FA0D1214E9}.AppStore|ARM.Build.0 = AppStore|iPhone
		{7D1F41D2-7B12-4032-AFAF-A2FA0D1214E9}.AppStore|ARM.Deploy.0 = AppStore|iPhone
		{7D1F41D2-7B12-4032-AFAF-A2FA0D1214E9}.AppStore|iPhone.ActiveCfg = AppStore|iPhone
		{7D1F41D2-7B12-4032-AFAF-A2FA0D1214E9}.AppStore|iPhone.Build.0 = AppStore|iPhone
		{7D1F41D2-7B12-4032-AFAF-A2FA0D1214E9}.AppStore|iPhone.Deploy.0 = AppStore|iPhone
		{7D1F41D2-7B12-4032-AFAF-A2FA0D1214E9}.AppStore|iPhoneSimulator.ActiveCfg = AppStore|iPhoneSimulator
		{7D1F41D2-7B12-4032-AFAF-A2FA0D1214E9}.AppStore|iPhoneSimulator.Build.0 = AppStore|iPhoneSimulator
		{7D1F41D2-7B12-4032-AFAF-A2FA0D1214E9}.AppStore|iPhoneSimulator.Deploy.0 = AppStore|iPhoneSimulator
		{7D1F41D2-7B12-4032-AFAF-A2FA0D1214E9}.AppStore|x64.ActiveCfg = AppStore|iPhone
		{7D1F41D2-7B12-4032-AFAF-A2FA0D1214E9}.AppStore|x64.Build.0 = AppStore|iPhone
		{7D1F41D2-7B12-4032-AFAF-A2FA0D1214E9}.AppStore|x64.Deploy.0 = AppStore|iPhone
		{7D1F41D2-7B12-4032-AFAF-A2FA0D1214E9}.AppStore|x86.ActiveCfg = AppStore|iPhone
		{7D1F41D2-7B12-4032-AFAF-A2FA0D1214E9}.AppStore|x86.Build.0 = AppStore|iPhone
		{7D1F41D2-7B12-4032-AFAF-A2FA0D1214E9}.AppStore|x86.Deploy.0 = AppStore|iPhone
		{7D1F41D2-7B12-4032-AFAF-A2FA0D1214E9}.Debug|Any CPU.ActiveCfg = Debug|iPhoneSimulator
		{7D1F41D2-7B12-4032-AFAF-A2FA0D1214E9}.Debug|Any CPU.Build.0 = Debug|iPhoneSimulator
		{7D1F41D2-7B12-4032-AFAF-A2FA0D1214E9}.Debug|Any CPU.Deploy.0 = Debug|iPhoneSimulator
		{7D1F41D2-7B12-4032-AFAF-A2FA0D1214E9}.Debug|ARM.ActiveCfg = Debug|iPhone
		{7D1F41D2-7B12-4032-AFAF-A2FA0D1214E9}.Debug|ARM.Build.0 = Debug|iPhone
		{7D1F41D2-7B12-4032-AFAF-A2FA0D1214E9}.Debug|ARM.Deploy.0 = Debug|iPhone
		{7D1F41D2-7B12-4032-AFAF-A2FA0D1214E9}.Debug|iPhone.ActiveCfg = Debug|iPhone
		{7D1F41D2-7B12-4032-AFAF-A2FA0D1214E9}.Debug|iPhone.Build.0 = Debug|iPhone
		{7D1F41D2-7B12-4032-AFAF-A2FA0D1214E9}.Debug|iPhone.Deploy.0 = Debug|iPhone
		{7D1F41D2-7B12-4032-AFAF-A2FA0D1214E9}.Debug|iPhoneSimulator.ActiveCfg = Debug|iPhoneSimulator
		{7D1F41D2-7B12-4032-AFAF-A2FA0D1214E9}.Debug|iPhoneSimulator.Build.0 = Debug|iPhoneSimulator
		{7D1F41D2-7B12-4032-AFAF-A2FA0D1214E9}.Debug|iPhoneSimulator.Deploy.0 = Debug|iPhoneSimulator
		{7D1F41D2-7B12-4032-AFAF-A2FA0D1214E9}.Debug|x64.ActiveCfg = Debug|iPhone
		{7D1F41D2-7B12-4032-AFAF-A2FA0D1214E9}.Debug|x64.Build.0 = Debug|iPhone
		{7D1F41D2-7B12-4032-AFAF-A2FA0D1214E9}.Debug|x64.Deploy.0 = Debug|iPhone
		{7D1F41D2-7B12-4032-AFAF-A2FA0D1214E9}.Debug|x86.ActiveCfg = Debug|iPhone
		{7D1F41D2-7B12-4032-AFAF-A2FA0D1214E9}.Debug|x86.Build.0 = Debug|iPhone
		{7D1F41D2-7B12-4032-AFAF-A2FA0D1214E9}.Debug|x86.Deploy.0 = Debug|iPhone
		{7D1F41D2-7B12-4032-AFAF-A2FA0D1214E9}.Release|Any CPU.ActiveCfg = Release|iPhone
		{7D1F41D2-7B12-4032-AFAF-A2FA0D1214E9}.Release|Any CPU.Build.0 = Release|iPhone
		{7D1F41D2-7B12-4032-AFAF-A2FA0D1214E9}.Release|Any CPU.Deploy.0 = Release|iPhone
		{7D1F41D2-7B12-4032-AFAF-A2FA0D1214E9}.Release|ARM.ActiveCfg = Release|iPhone
		{7D1F41D2-7B12-4032-AFAF-A2FA0D1214E9}.Release|ARM.Build.0 = Release|iPhone
		{7D1F41D2-7B12-4032-AFAF-A2FA0D1214E9}.Release|ARM.Deploy.0 = Release|iPhone
		{7D1F41D2-7B12-4032-AFAF-A2FA0D1214E9}.Release|iPhone.ActiveCfg = Release|iPhone
		{7D1F41D2-7B12-4032-AFAF-A2FA0D1214E9}.Release|iPhone.Build.0 = Release|iPhone
		{7D1F41D2-7B12-4032-AFAF-A2FA0D1214E9}.Release|iPhone.Deploy.0 = Release|iPhone
		{7D1F41D2-7B12-4032-AFAF-A2FA0D1214E9}.Release|iPhoneSimulator.ActiveCfg = Release|iPhoneSimulator
		{7D1F41D2-7B12-4032-AFAF-A2FA0D1214E9}.Release|iPhoneSimulator.Build.0 = Release|iPhoneSimulator
		{7D1F41D2-7B12-4032-AFAF-A2FA0D1214E9}.Release|iPhoneSimulator.Deploy.0 = Release|iPhoneSimulator
		{7D1F41D2-7B12-4032-AFAF-A2FA0D1214E9}.Release|x64.ActiveCfg = Release|iPhone
		{7D1F41D2-7B12-4032-AFAF-A2FA0D1214E9}.Release|x64.Build.0 = Release|iPhone
		{7D1F41D2-7B12-4032-AFAF-A2FA0D1214E9}.Release|x64.Deploy.0 = Release|iPhone
		{7D1F41D2-7B12-4032-AFAF-A2FA0D1214E9}.Release|x86.ActiveCfg = Release|iPhone
		{7D1F41D2-7B12-4032-AFAF-A2FA0D1214E9}.Release|x86.Build.0 = Release|iPhone
		{7D1F41D2-7B12-4032-AFAF-A2FA0D1214E9}.Release|x86.Deploy.0 = Release|iPhone
		{993DB475-8E19-4510-B555-54EFF378EBF1}.Ad-Hoc|Any CPU.ActiveCfg = Release|x86
		{993DB475-8E19-4510-B555-54EFF378EBF1}.Ad-Hoc|Any CPU.Build.0 = Release|x86
		{993DB475-8E19-4510-B555-54EFF378EBF1}.Ad-Hoc|Any CPU.Deploy.0 = Release|x86
		{993DB475-8E19-4510-B555-54EFF378EBF1}.Ad-Hoc|ARM.ActiveCfg = Release|ARM
		{993DB475-8E19-4510-B555-54EFF378EBF1}.Ad-Hoc|ARM.Build.0 = Release|ARM
		{993DB475-8E19-4510-B555-54EFF378EBF1}.Ad-Hoc|ARM.Deploy.0 = Release|ARM
		{993DB475-8E19-4510-B555-54EFF378EBF1}.Ad-Hoc|iPhone.ActiveCfg = Release|x86
		{993DB475-8E19-4510-B555-54EFF378EBF1}.Ad-Hoc|iPhone.Build.0 = Release|x86
		{993DB475-8E19-4510-B555-54EFF378EBF1}.Ad-Hoc|iPhone.Deploy.0 = Release|x86
		{993DB475-8E19-4510-B555-54EFF378EBF1}.Ad-Hoc|iPhoneSimulator.ActiveCfg = Release|x86
		{993DB475-8E19-4510-B555-54EFF378EBF1}.Ad-Hoc|iPhoneSimulator.Build.0 = Release|x86
		{993DB475-8E19-4510-B555-54EFF378EBF1}.Ad-Hoc|iPhoneSimulator.Deploy.0 = Release|x86
		{993DB475-8E19-4510-B555-54EFF378EBF1}.Ad-Hoc|x64.ActiveCfg = Release|x64
		{993DB475-8E19-4510-B555-54EFF378EBF1}.Ad-Hoc|x64.Build.0 = Release|x64
		{993DB475-8E19-4510-B555-54EFF378EBF1}.Ad-Hoc|x64.Deploy.0 = Release|x64
		{993DB475-8E19-4510-B555-54EFF378EBF1}.Ad-Hoc|x86.ActiveCfg = Release|x86
		{993DB475-8E19-4510-B555-54EFF378EBF1}.Ad-Hoc|x86.Build.0 = Release|x86
		{993DB475-8E19-4510-B555-54EFF378EBF1}.Ad-Hoc|x86.Deploy.0 = Release|x86
		{993DB475-8E19-4510-B555-54EFF378EBF1}.AppStore|Any CPU.ActiveCfg = Release|x86
		{993DB475-8E19-4510-B555-54EFF378EBF1}.AppStore|Any CPU.Build.0 = Release|x86
		{993DB475-8E19-4510-B555-54EFF378EBF1}.AppStore|Any CPU.Deploy.0 = Release|x86
		{993DB475-8E19-4510-B555-54EFF378EBF1}.AppStore|ARM.ActiveCfg = Release|ARM
		{993DB475-8E19-4510-B555-54EFF378EBF1}.AppStore|ARM.Build.0 = Release|ARM
		{993DB475-8E19-4510-B555-54EFF378EBF1}.AppStore|ARM.Deploy.0 = Release|ARM
		{993DB475-8E19-4510-B555-54EFF378EBF1}.AppStore|iPhone.ActiveCfg = Release|x86
		{993DB475-8E19-4510-B555-54EFF378EBF1}.AppStore|iPhone.Build.0 = Release|x86
		{993DB475-8E19-4510-B555-54EFF378EBF1}.AppStore|iPhone.Deploy.0 = Release|x86
		{993DB475-8E19-4510-B555-54EFF378EBF1}.AppStore|iPhoneSimulator.ActiveCfg = Release|x86
		{993DB475-8E19-4510-B555-54EFF378EBF1}.AppStore|iPhoneSimulator.Build.0 = Release|x86
		{993DB475-8E19-4510-B555-54EFF378EBF1}.AppStore|iPhoneSimulator.Deploy.0 = Release|x86
		{993DB475-8E19-4510-B555-54EFF378EBF1}.AppStore|x64.ActiveCfg = Release|x64
		{993DB475-8E19-4510-B555-54EFF378EBF1}.AppStore|x64.Build.0 = Release|x64
		{993DB475-8E19-4510-B555-54EFF378EBF1}.AppStore|x64.Deploy.0 = Release|x64
		{993DB475-8E19-4510-B555-54EFF378EBF1}.AppStore|x86.ActiveCfg = Release|x86
		{993DB475-8E19-4510-B555-54EFF378EBF1}.AppStore|x86.Build.0 = Release|x86
		{993DB475-8E19-4510-B555-54EFF378EBF1}.AppStore|x86.Deploy.0 = Release|x86
		{993DB475-8E19-4510-B555-54EFF378EBF1}.Debug|Any CPU.ActiveCfg = Debug|x86
		{993DB475-8E19-4510-B555-54EFF378EBF1}.Debug|Any CPU.Build.0 = Debug|x86
		{993DB475-8E19-4510-B555-54EFF378EBF1}.Debug|Any CPU.Deploy.0 = Debug|x86
		{993DB475-8E19-4510-B555-54EFF378EBF1}.Debug|ARM.ActiveCfg = Debug|ARM
		{993DB475-8E19-4510-B555-54EFF378EBF1}.Debug|ARM.Build.0 = Debug|ARM
		{993DB475-8E19-4510-B555-54EFF378EBF1}.Debug|ARM.Deploy.0 = Debug|ARM
		{993DB475-8E19-4510-B555-54EFF378EBF1}.Debug|iPhone.ActiveCfg = Debug|x86
		{993DB475-8E19-4510-B555-54EFF378EBF1}.Debug|iPhone.Build.0 = Debug|x86
		{993DB475-8E19-4510-B555-54EFF378EBF1}.Debug|iPhone.Deploy.0 = Debug|x86
		{993DB475-8E19-4510-B555-54EFF378EBF1}.Debug|iPhoneSimulator.ActiveCfg = Debug|x86
		{993DB475-8E19-4510-B555-54EFF378EBF1}.Debug|iPhoneSimulator.Build.0 = Debug|x86
		{993DB475-8E19-4510-B555-54EFF378EBF1}.Debug|iPhoneSimulator.Deploy.0 = Debug|x86
		{993DB475-8E19-4510-B555-54EFF378EBF1}.Debug|x64.ActiveCfg = Debug|x64
		{993DB475-8E19-4510-B555-54EFF378EBF1}.Debug|x64.Build.0 = Debug|x64
		{993DB475-8E19-4510-B555-54EFF378EBF1}.Debug|x64.Deploy.0 = Debug|x64
		{993DB475-8E19-4510-B555-54EFF378EBF1}.Debug|x86.ActiveCfg = Debug|x86
		{993DB475-8E19-4510-B555-54EFF378EBF1}.Debug|x86.Build.0 = Debug|x86
		{993DB475-8E19-4510-B555-54EFF378EBF1}.Debug|x86.Deploy.0 = Debug|x86
		{993DB475-8E19-4510-B555-54EFF378EBF1}.Release|Any CPU.ActiveCfg = Release|x86
		{993DB475-8E19-4510-B555-54EFF378EBF1}.Release|Any CPU.Build.0 = Release|x86
		{993DB475-8E19-4510-B555-54EFF378EBF1}.Release|Any CPU.Deploy.0 = Release|x86
		{993DB475-8E19-4510-B555-54EFF378EBF1}.Release|ARM.ActiveCfg = Release|ARM
		{993DB475-8E19-4510-B555-54EFF378EBF1}.Release|ARM.Build.0 = Release|ARM
		{993DB475-8E19-4510-B555-54EFF378EBF1}.Release|ARM.Deploy.0 = Release|ARM
		{993DB475-8E19-4510-B555-54EFF378EBF1}.Release|iPhone.ActiveCfg = Release|x86
		{993DB475-8E19-4510-B555-54EFF378EBF1}.Release|iPhone.Build.0 = Release|x86
		{993DB475-8E19-4510-B555-54EFF378EBF1}.Release|iPhone.Deploy.0 = Release|x86
		{993DB475-8E19-4510-B555-54EFF378EBF1}.Release|iPhoneSimulator.ActiveCfg = Release|x86
		{993DB475-8E19-4510-B555-54EFF378EBF1}.Release|iPhoneSimulator.Build.0 = Release|x86
		{993DB475-8E19-4510-B555-54EFF378EBF1}.Release|iPhoneSimulator.Deploy.0 = Release|x86
		{993DB475-8E19-4510-B555-54EFF378EBF1}.Release|x64.ActiveCfg = Release|x64
		{993DB475-8E19-4510-B555-54EFF378EBF1}.Release|x64.Build.0 = Release|x64
		{993DB475-8E19-4510-B555-54EFF378EBF1}.Release|x64.Deploy.0 = Release|x64
		{993DB475-8E19-4510-B555-54EFF378EBF1}.Release|x86.ActiveCfg = Release|x86
		{993DB475-8E19-4510-B555-54EFF378EBF1}.Release|x86.Build.0 = Release|x86
		{993DB475-8E19-4510-B555-54EFF378EBF1}.Release|x86.Deploy.0 = Release|x86
		{4C551FDD-CDB2-4071-96C4-B2340E21F3A5}.Ad-Hoc|Any CPU.ActiveCfg = Debug|Any CPU
		{4C551FDD-CDB2-4071-96C4-B2340E21F3A5}.Ad-Hoc|Any CPU.Build.0 = Debug|Any CPU
		{4C551FDD-CDB2-4071-96C4-B2340E21F3A5}.Ad-Hoc|Any CPU.Deploy.0 = Debug|Any CPU
		{4C551FDD-CDB2-4071-96C4-B2340E21F3A5}.Ad-Hoc|ARM.ActiveCfg = Debug|Any CPU
		{4C551FDD-CDB2-4071-96C4-B2340E21F3A5}.Ad-Hoc|ARM.Build.0 = Debug|Any CPU
		{4C551FDD-CDB2-4071-96C4-B2340E21F3A5}.Ad-Hoc|ARM.Deploy.0 = Debug|Any CPU
		{4C551FDD-CDB2-4071-96C4-B2340E21F3A5}.Ad-Hoc|iPhone.ActiveCfg = Debug|Any CPU
		{4C551FDD-CDB2-4071-96C4-B2340E21F3A5}.Ad-Hoc|iPhone.Build.0 = Debug|Any CPU
		{4C551FDD-CDB2-4071-96C4-B2340E21F3A5}.Ad-Hoc|iPhone.Deploy.0 = Debug|Any CPU
		{4C551FDD-CDB2-4071-96C4-B2340E21F3A5}.Ad-Hoc|iPhoneSimulator.ActiveCfg = Debug|Any CPU
		{4C551FDD-CDB2-4071-96C4-B2340E21F3A5}.Ad-Hoc|iPhoneSimulator.Build.0 = Debug|Any CPU
		{4C551FDD-CDB2-4071-96C4-B2340E21F3A5}.Ad-Hoc|iPhoneSimulator.Deploy.0 = Debug|Any CPU
		{4C551FDD-CDB2-4071-96C4-B2340E21F3A5}.Ad-Hoc|x64.ActiveCfg = Debug|Any CPU
		{4C551FDD-CDB2-4071-96C4-B2340E21F3A5}.Ad-Hoc|x64.Build.0 = Debug|Any CPU
		{4C551FDD-CDB2-4071-96C4-B2340E21F3A5}.Ad-Hoc|x64.Deploy.0 = Debug|Any CPU
		{4C551FDD-CDB2-4071-96C4-B2340E21F3A5}.Ad-Hoc|x86.ActiveCfg = Debug|Any CPU
		{4C551FDD-CDB2-4071-96C4-B2340E21F3A5}.Ad-Hoc|x86.Build.0 = Debug|Any CPU
		{4C551FDD-CDB2-4071-96C4-B2340E21F3A5}.Ad-Hoc|x86.Deploy.0 = Debug|Any CPU
		{4C551FDD-CDB2-4071-96C4-B2340E21F3A5}.AppStore|Any CPU.ActiveCfg = Debug|Any CPU
		{4C551FDD-CDB2-4071-96C4-B2340E21F3A5}.AppStore|Any CPU.Build.0 = Debug|Any CPU
		{4C551FDD-CDB2-4071-96C4-B2340E21F3A5}.AppStore|Any CPU.Deploy.0 = Debug|Any CPU
		{4C551FDD-CDB2-4071-96C4-B2340E21F3A5}.AppStore|ARM.ActiveCfg = Debug|Any CPU
		{4C551FDD-CDB2-4071-96C4-B2340E21F3A5}.AppStore|ARM.Build.0 = Debug|Any CPU
		{4C551FDD-CDB2-4071-96C4-B2340E21F3A5}.AppStore|ARM.Deploy.0 = Debug|Any CPU
		{4C551FDD-CDB2-4071-96C4-B2340E21F3A5}.AppStore|iPhone.ActiveCfg = Debug|Any CPU
		{4C551FDD-CDB2-4071-96C4-B2340E21F3A5}.AppStore|iPhone.Build.0 = Debug|Any CPU
		{4C551FDD-CDB2-4071-96C4-B2340E21F3A5}.AppStore|iPhone.Deploy.0 = Debug|Any CPU
		{4C551FDD-CDB2-4071-96C4-B2340E21F3A5}.AppStore|iPhoneSimulator.ActiveCfg = Debug|Any CPU
		{4C551FDD-CDB2-4071-96C4-B2340E21F3A5}.AppStore|iPhoneSimulator.Build.0 = Debug|Any CPU
		{4C551FDD-CDB2-4071-96C4-B2340E21F3A5}.AppStore|iPhoneSimulator.Deploy.0 = Debug|Any CPU
		{4C551FDD-CDB2-4071-96C4-B2340E21F3A5}.AppStore|x64.ActiveCfg = Debug|Any CPU
		{4C551FDD-CDB2-4071-96C4-B2340E21F3A5}.AppStore|x64.Build.0 = Debug|Any CPU
		{4C551FDD-CDB2-4071-96C4-B2340E21F3A5}.AppStore|x64.Deploy.0 = Debug|Any CPU
		{4C551FDD-CDB2-4071-96C4-B2340E21F3A5}.AppStore|x86.ActiveCfg = Debug|Any CPU
		{4C551FDD-CDB2-4071-96C4-B2340E21F3A5}.AppStore|x86.Build.0 = Debug|Any CPU
		{4C551FDD-CDB2-4071-96C4-B2340E21F3A5}.AppStore|x86.Deploy.0 = Debug|Any CPU
		{4C551FDD-CDB2-4071-96C4-B2340E21F3A5}.Debug|Any CPU.ActiveCfg = Debug|Any CPU
		{4C551FDD-CDB2-4071-96C4-B2340E21F3A5}.Debug|Any CPU.Build.0 = Debug|Any CPU
		{4C551FDD-CDB2-4071-96C4-B2340E21F3A5}.Debug|Any CPU.Deploy.0 = Debug|Any CPU
		{4C551FDD-CDB2-4071-96C4-B2340E21F3A5}.Debug|ARM.ActiveCfg = Debug|Any CPU
		{4C551FDD-CDB2-4071-96C4-B2340E21F3A5}.Debug|ARM.Build.0 = Debug|Any CPU
		{4C551FDD-CDB2-4071-96C4-B2340E21F3A5}.Debug|ARM.Deploy.0 = Debug|Any CPU
		{4C551FDD-CDB2-4071-96C4-B2340E21F3A5}.Debug|iPhone.ActiveCfg = Debug|Any CPU
		{4C551FDD-CDB2-4071-96C4-B2340E21F3A5}.Debug|iPhone.Build.0 = Debug|Any CPU
		{4C551FDD-CDB2-4071-96C4-B2340E21F3A5}.Debug|iPhone.Deploy.0 = Debug|Any CPU
		{4C551FDD-CDB2-4071-96C4-B2340E21F3A5}.Debug|iPhoneSimulator.ActiveCfg = Debug|Any CPU
		{4C551FDD-CDB2-4071-96C4-B2340E21F3A5}.Debug|iPhoneSimulator.Build.0 = Debug|Any CPU
		{4C551FDD-CDB2-4071-96C4-B2340E21F3A5}.Debug|iPhoneSimulator.Deploy.0 = Debug|Any CPU
		{4C551FDD-CDB2-4071-96C4-B2340E21F3A5}.Debug|x64.ActiveCfg = Debug|Any CPU
		{4C551FDD-CDB2-4071-96C4-B2340E21F3A5}.Debug|x64.Build.0 = Debug|Any CPU
		{4C551FDD-CDB2-4071-96C4-B2340E21F3A5}.Debug|x64.Deploy.0 = Debug|Any CPU
		{4C551FDD-CDB2-4071-96C4-B2340E21F3A5}.Debug|x86.ActiveCfg = Debug|Any CPU
		{4C551FDD-CDB2-4071-96C4-B2340E21F3A5}.Debug|x86.Build.0 = Debug|Any CPU
		{4C551FDD-CDB2-4071-96C4-B2340E21F3A5}.Debug|x86.Deploy.0 = Debug|Any CPU
		{4C551FDD-CDB2-4071-96C4-B2340E21F3A5}.Release|Any CPU.ActiveCfg = Release|Any CPU
		{4C551FDD-CDB2-4071-96C4-B2340E21F3A5}.Release|Any CPU.Build.0 = Release|Any CPU
		{4C551FDD-CDB2-4071-96C4-B2340E21F3A5}.Release|Any CPU.Deploy.0 = Release|Any CPU
		{4C551FDD-CDB2-4071-96C4-B2340E21F3A5}.Release|ARM.ActiveCfg = Release|Any CPU
		{4C551FDD-CDB2-4071-96C4-B2340E21F3A5}.Release|ARM.Build.0 = Release|Any CPU
		{4C551FDD-CDB2-4071-96C4-B2340E21F3A5}.Release|ARM.Deploy.0 = Release|Any CPU
		{4C551FDD-CDB2-4071-96C4-B2340E21F3A5}.Release|iPhone.ActiveCfg = Release|Any CPU
		{4C551FDD-CDB2-4071-96C4-B2340E21F3A5}.Release|iPhone.Build.0 = Release|Any CPU
		{4C551FDD-CDB2-4071-96C4-B2340E21F3A5}.Release|iPhone.Deploy.0 = Release|Any CPU
		{4C551FDD-CDB2-4071-96C4-B2340E21F3A5}.Release|iPhoneSimulator.ActiveCfg = Release|Any CPU
		{4C551FDD-CDB2-4071-96C4-B2340E21F3A5}.Release|iPhoneSimulator.Build.0 = Release|Any CPU
		{4C551FDD-CDB2-4071-96C4-B2340E21F3A5}.Release|iPhoneSimulator.Deploy.0 = Release|Any CPU
		{4C551FDD-CDB2-4071-96C4-B2340E21F3A5}.Release|x64.ActiveCfg = Release|Any CPU
		{4C551FDD-CDB2-4071-96C4-B2340E21F3A5}.Release|x64.Build.0 = Release|Any CPU
		{4C551FDD-CDB2-4071-96C4-B2340E21F3A5}.Release|x64.Deploy.0 = Release|Any CPU
		{4C551FDD-CDB2-4071-96C4-B2340E21F3A5}.Release|x86.ActiveCfg = Release|Any CPU
		{4C551FDD-CDB2-4071-96C4-B2340E21F3A5}.Release|x86.Build.0 = Release|Any CPU
		{4C551FDD-CDB2-4071-96C4-B2340E21F3A5}.Release|x86.Deploy.0 = Release|Any CPU
		{5857ED39-0CF2-48B7-9685-65B2E8EE450C}.Ad-Hoc|Any CPU.ActiveCfg = Release|Any CPU
		{5857ED39-0CF2-48B7-9685-65B2E8EE450C}.Ad-Hoc|Any CPU.Build.0 = Release|Any CPU
		{5857ED39-0CF2-48B7-9685-65B2E8EE450C}.Ad-Hoc|ARM.ActiveCfg = Release|Any CPU
		{5857ED39-0CF2-48B7-9685-65B2E8EE450C}.Ad-Hoc|ARM.Build.0 = Release|Any CPU
		{5857ED39-0CF2-48B7-9685-65B2E8EE450C}.Ad-Hoc|iPhone.ActiveCfg = Release|Any CPU
		{5857ED39-0CF2-48B7-9685-65B2E8EE450C}.Ad-Hoc|iPhone.Build.0 = Release|Any CPU
		{5857ED39-0CF2-48B7-9685-65B2E8EE450C}.Ad-Hoc|iPhoneSimulator.ActiveCfg = Release|Any CPU
		{5857ED39-0CF2-48B7-9685-65B2E8EE450C}.Ad-Hoc|iPhoneSimulator.Build.0 = Release|Any CPU
		{5857ED39-0CF2-48B7-9685-65B2E8EE450C}.Ad-Hoc|x64.ActiveCfg = Release|Any CPU
		{5857ED39-0CF2-48B7-9685-65B2E8EE450C}.Ad-Hoc|x64.Build.0 = Release|Any CPU
		{5857ED39-0CF2-48B7-9685-65B2E8EE450C}.Ad-Hoc|x86.ActiveCfg = Release|Any CPU
		{5857ED39-0CF2-48B7-9685-65B2E8EE450C}.Ad-Hoc|x86.Build.0 = Release|Any CPU
		{5857ED39-0CF2-48B7-9685-65B2E8EE450C}.AppStore|Any CPU.ActiveCfg = Release|Any CPU
		{5857ED39-0CF2-48B7-9685-65B2E8EE450C}.AppStore|Any CPU.Build.0 = Release|Any CPU
		{5857ED39-0CF2-48B7-9685-65B2E8EE450C}.AppStore|ARM.ActiveCfg = Release|Any CPU
		{5857ED39-0CF2-48B7-9685-65B2E8EE450C}.AppStore|ARM.Build.0 = Release|Any CPU
		{5857ED39-0CF2-48B7-9685-65B2E8EE450C}.AppStore|iPhone.ActiveCfg = Release|Any CPU
		{5857ED39-0CF2-48B7-9685-65B2E8EE450C}.AppStore|iPhone.Build.0 = Release|Any CPU
		{5857ED39-0CF2-48B7-9685-65B2E8EE450C}.AppStore|iPhoneSimulator.ActiveCfg = Release|Any CPU
		{5857ED39-0CF2-48B7-9685-65B2E8EE450C}.AppStore|iPhoneSimulator.Build.0 = Release|Any CPU
		{5857ED39-0CF2-48B7-9685-65B2E8EE450C}.AppStore|x64.ActiveCfg = Release|Any CPU
		{5857ED39-0CF2-48B7-9685-65B2E8EE450C}.AppStore|x64.Build.0 = Release|Any CPU
		{5857ED39-0CF2-48B7-9685-65B2E8EE450C}.AppStore|x86.ActiveCfg = Release|Any CPU
		{5857ED39-0CF2-48B7-9685-65B2E8EE450C}.AppStore|x86.Build.0 = Release|Any CPU
		{5857ED39-0CF2-48B7-9685-65B2E8EE450C}.Debug|Any CPU.ActiveCfg = Debug|Any CPU
		{5857ED39-0CF2-48B7-9685-65B2E8EE450C}.Debug|Any CPU.Build.0 = Debug|Any CPU
		{5857ED39-0CF2-48B7-9685-65B2E8EE450C}.Debug|ARM.ActiveCfg = Debug|Any CPU
		{5857ED39-0CF2-48B7-9685-65B2E8EE450C}.Debug|ARM.Build.0 = Debug|Any CPU
		{5857ED39-0CF2-48B7-9685-65B2E8EE450C}.Debug|iPhone.ActiveCfg = Debug|Any CPU
		{5857ED39-0CF2-48B7-9685-65B2E8EE450C}.Debug|iPhone.Build.0 = Debug|Any CPU
		{5857ED39-0CF2-48B7-9685-65B2E8EE450C}.Debug|iPhoneSimulator.ActiveCfg = Debug|Any CPU
		{5857ED39-0CF2-48B7-9685-65B2E8EE450C}.Debug|iPhoneSimulator.Build.0 = Debug|Any CPU
		{5857ED39-0CF2-48B7-9685-65B2E8EE450C}.Debug|x64.ActiveCfg = Debug|Any CPU
		{5857ED39-0CF2-48B7-9685-65B2E8EE450C}.Debug|x64.Build.0 = Debug|Any CPU
		{5857ED39-0CF2-48B7-9685-65B2E8EE450C}.Debug|x86.ActiveCfg = Debug|Any CPU
		{5857ED39-0CF2-48B7-9685-65B2E8EE450C}.Debug|x86.Build.0 = Debug|Any CPU
		{5857ED39-0CF2-48B7-9685-65B2E8EE450C}.Release|Any CPU.ActiveCfg = Release|Any CPU
		{5857ED39-0CF2-48B7-9685-65B2E8EE450C}.Release|Any CPU.Build.0 = Release|Any CPU
		{5857ED39-0CF2-48B7-9685-65B2E8EE450C}.Release|ARM.ActiveCfg = Release|Any CPU
		{5857ED39-0CF2-48B7-9685-65B2E8EE450C}.Release|ARM.Build.0 = Release|Any CPU
		{5857ED39-0CF2-48B7-9685-65B2E8EE450C}.Release|iPhone.ActiveCfg = Release|Any CPU
		{5857ED39-0CF2-48B7-9685-65B2E8EE450C}.Release|iPhone.Build.0 = Release|Any CPU
		{5857ED39-0CF2-48B7-9685-65B2E8EE450C}.Release|iPhoneSimulator.ActiveCfg = Release|Any CPU
		{5857ED39-0CF2-48B7-9685-65B2E8EE450C}.Release|iPhoneSimulator.Build.0 = Release|Any CPU
		{5857ED39-0CF2-48B7-9685-65B2E8EE450C}.Release|x64.ActiveCfg = Release|Any CPU
		{5857ED39-0CF2-48B7-9685-65B2E8EE450C}.Release|x64.Build.0 = Release|Any CPU
		{5857ED39-0CF2-48B7-9685-65B2E8EE450C}.Release|x86.ActiveCfg = Release|Any CPU
		{5857ED39-0CF2-48B7-9685-65B2E8EE450C}.Release|x86.Build.0 = Release|Any CPU
		{89D77D3F-DE7F-4025-821B-8DE17DCC23E1}.Ad-Hoc|Any CPU.ActiveCfg = Release|Any CPU
		{89D77D3F-DE7F-4025-821B-8DE17DCC23E1}.Ad-Hoc|Any CPU.Build.0 = Release|Any CPU
		{89D77D3F-DE7F-4025-821B-8DE17DCC23E1}.Ad-Hoc|ARM.ActiveCfg = Release|Any CPU
		{89D77D3F-DE7F-4025-821B-8DE17DCC23E1}.Ad-Hoc|ARM.Build.0 = Release|Any CPU
		{89D77D3F-DE7F-4025-821B-8DE17DCC23E1}.Ad-Hoc|iPhone.ActiveCfg = Release|Any CPU
		{89D77D3F-DE7F-4025-821B-8DE17DCC23E1}.Ad-Hoc|iPhone.Build.0 = Release|Any CPU
		{89D77D3F-DE7F-4025-821B-8DE17DCC23E1}.Ad-Hoc|iPhoneSimulator.ActiveCfg = Release|Any CPU
		{89D77D3F-DE7F-4025-821B-8DE17DCC23E1}.Ad-Hoc|iPhoneSimulator.Build.0 = Release|Any CPU
		{89D77D3F-DE7F-4025-821B-8DE17DCC23E1}.Ad-Hoc|x64.ActiveCfg = Release|Any CPU
		{89D77D3F-DE7F-4025-821B-8DE17DCC23E1}.Ad-Hoc|x64.Build.0 = Release|Any CPU
		{89D77D3F-DE7F-4025-821B-8DE17DCC23E1}.Ad-Hoc|x86.ActiveCfg = Release|Any CPU
		{89D77D3F-DE7F-4025-821B-8DE17DCC23E1}.Ad-Hoc|x86.Build.0 = Release|Any CPU
		{89D77D3F-DE7F-4025-821B-8DE17DCC23E1}.AppStore|Any CPU.ActiveCfg = Release|Any CPU
		{89D77D3F-DE7F-4025-821B-8DE17DCC23E1}.AppStore|Any CPU.Build.0 = Release|Any CPU
		{89D77D3F-DE7F-4025-821B-8DE17DCC23E1}.AppStore|ARM.ActiveCfg = Release|Any CPU
		{89D77D3F-DE7F-4025-821B-8DE17DCC23E1}.AppStore|ARM.Build.0 = Release|Any CPU
		{89D77D3F-DE7F-4025-821B-8DE17DCC23E1}.AppStore|iPhone.ActiveCfg = Release|Any CPU
		{89D77D3F-DE7F-4025-821B-8DE17DCC23E1}.AppStore|iPhone.Build.0 = Release|Any CPU
		{89D77D3F-DE7F-4025-821B-8DE17DCC23E1}.AppStore|iPhoneSimulator.ActiveCfg = Release|Any CPU
		{89D77D3F-DE7F-4025-821B-8DE17DCC23E1}.AppStore|iPhoneSimulator.Build.0 = Release|Any CPU
		{89D77D3F-DE7F-4025-821B-8DE17DCC23E1}.AppStore|x64.ActiveCfg = Release|Any CPU
		{89D77D3F-DE7F-4025-821B-8DE17DCC23E1}.AppStore|x64.Build.0 = Release|Any CPU
		{89D77D3F-DE7F-4025-821B-8DE17DCC23E1}.AppStore|x86.ActiveCfg = Release|Any CPU
		{89D77D3F-DE7F-4025-821B-8DE17DCC23E1}.AppStore|x86.Build.0 = Release|Any CPU
		{89D77D3F-DE7F-4025-821B-8DE17DCC23E1}.Debug|Any CPU.ActiveCfg = Debug|Any CPU
		{89D77D3F-DE7F-4025-821B-8DE17DCC23E1}.Debug|Any CPU.Build.0 = Debug|Any CPU
		{89D77D3F-DE7F-4025-821B-8DE17DCC23E1}.Debug|ARM.ActiveCfg = Debug|Any CPU
		{89D77D3F-DE7F-4025-821B-8DE17DCC23E1}.Debug|ARM.Build.0 = Debug|Any CPU
		{89D77D3F-DE7F-4025-821B-8DE17DCC23E1}.Debug|iPhone.ActiveCfg = Debug|Any CPU
		{89D77D3F-DE7F-4025-821B-8DE17DCC23E1}.Debug|iPhone.Build.0 = Debug|Any CPU
		{89D77D3F-DE7F-4025-821B-8DE17DCC23E1}.Debug|iPhoneSimulator.ActiveCfg = Debug|Any CPU
		{89D77D3F-DE7F-4025-821B-8DE17DCC23E1}.Debug|iPhoneSimulator.Build.0 = Debug|Any CPU
		{89D77D3F-DE7F-4025-821B-8DE17DCC23E1}.Debug|x64.ActiveCfg = Debug|Any CPU
		{89D77D3F-DE7F-4025-821B-8DE17DCC23E1}.Debug|x64.Build.0 = Debug|Any CPU
		{89D77D3F-DE7F-4025-821B-8DE17DCC23E1}.Debug|x86.ActiveCfg = Debug|Any CPU
		{89D77D3F-DE7F-4025-821B-8DE17DCC23E1}.Debug|x86.Build.0 = Debug|Any CPU
		{89D77D3F-DE7F-4025-821B-8DE17DCC23E1}.Release|Any CPU.ActiveCfg = Release|Any CPU
		{89D77D3F-DE7F-4025-821B-8DE17DCC23E1}.Release|Any CPU.Build.0 = Release|Any CPU
		{89D77D3F-DE7F-4025-821B-8DE17DCC23E1}.Release|ARM.ActiveCfg = Release|Any CPU
		{89D77D3F-DE7F-4025-821B-8DE17DCC23E1}.Release|ARM.Build.0 = Release|Any CPU
		{89D77D3F-DE7F-4025-821B-8DE17DCC23E1}.Release|iPhone.ActiveCfg = Release|Any CPU
		{89D77D3F-DE7F-4025-821B-8DE17DCC23E1}.Release|iPhone.Build.0 = Release|Any CPU
		{89D77D3F-DE7F-4025-821B-8DE17DCC23E1}.Release|iPhoneSimulator.ActiveCfg = Release|Any CPU
		{89D77D3F-DE7F-4025-821B-8DE17DCC23E1}.Release|iPhoneSimulator.Build.0 = Release|Any CPU
		{89D77D3F-DE7F-4025-821B-8DE17DCC23E1}.Release|x64.ActiveCfg = Release|Any CPU
		{89D77D3F-DE7F-4025-821B-8DE17DCC23E1}.Release|x64.Build.0 = Release|Any CPU
		{89D77D3F-DE7F-4025-821B-8DE17DCC23E1}.Release|x86.ActiveCfg = Release|Any CPU
		{89D77D3F-DE7F-4025-821B-8DE17DCC23E1}.Release|x86.Build.0 = Release|Any CPU
		{8B83F235-1756-4100-A6E3-20F550D6E6A3}.Ad-Hoc|Any CPU.ActiveCfg = Release|Any CPU
		{8B83F235-1756-4100-A6E3-20F550D6E6A3}.Ad-Hoc|Any CPU.Build.0 = Release|Any CPU
		{8B83F235-1756-4100-A6E3-20F550D6E6A3}.Ad-Hoc|ARM.ActiveCfg = Release|Any CPU
		{8B83F235-1756-4100-A6E3-20F550D6E6A3}.Ad-Hoc|ARM.Build.0 = Release|Any CPU
		{8B83F235-1756-4100-A6E3-20F550D6E6A3}.Ad-Hoc|iPhone.ActiveCfg = Release|Any CPU
		{8B83F235-1756-4100-A6E3-20F550D6E6A3}.Ad-Hoc|iPhone.Build.0 = Release|Any CPU
		{8B83F235-1756-4100-A6E3-20F550D6E6A3}.Ad-Hoc|iPhoneSimulator.ActiveCfg = Release|Any CPU
		{8B83F235-1756-4100-A6E3-20F550D6E6A3}.Ad-Hoc|iPhoneSimulator.Build.0 = Release|Any CPU
		{8B83F235-1756-4100-A6E3-20F550D6E6A3}.Ad-Hoc|x64.ActiveCfg = Release|Any CPU
		{8B83F235-1756-4100-A6E3-20F550D6E6A3}.Ad-Hoc|x64.Build.0 = Release|Any CPU
		{8B83F235-1756-4100-A6E3-20F550D6E6A3}.Ad-Hoc|x86.ActiveCfg = Release|Any CPU
		{8B83F235-1756-4100-A6E3-20F550D6E6A3}.Ad-Hoc|x86.Build.0 = Release|Any CPU
		{8B83F235-1756-4100-A6E3-20F550D6E6A3}.AppStore|Any CPU.ActiveCfg = Release|Any CPU
		{8B83F235-1756-4100-A6E3-20F550D6E6A3}.AppStore|Any CPU.Build.0 = Release|Any CPU
		{8B83F235-1756-4100-A6E3-20F550D6E6A3}.AppStore|ARM.ActiveCfg = Release|Any CPU
		{8B83F235-1756-4100-A6E3-20F550D6E6A3}.AppStore|ARM.Build.0 = Release|Any CPU
		{8B83F235-1756-4100-A6E3-20F550D6E6A3}.AppStore|iPhone.ActiveCfg = Release|Any CPU
		{8B83F235-1756-4100-A6E3-20F550D6E6A3}.AppStore|iPhone.Build.0 = Release|Any CPU
		{8B83F235-1756-4100-A6E3-20F550D6E6A3}.AppStore|iPhoneSimulator.ActiveCfg = Release|Any CPU
		{8B83F235-1756-4100-A6E3-20F550D6E6A3}.AppStore|iPhoneSimulator.Build.0 = Release|Any CPU
		{8B83F235-1756-4100-A6E3-20F550D6E6A3}.AppStore|x64.ActiveCfg = Release|Any CPU
		{8B83F235-1756-4100-A6E3-20F550D6E6A3}.AppStore|x64.Build.0 = Release|Any CPU
		{8B83F235-1756-4100-A6E3-20F550D6E6A3}.AppStore|x86.ActiveCfg = Release|Any CPU
		{8B83F235-1756-4100-A6E3-20F550D6E6A3}.AppStore|x86.Build.0 = Release|Any CPU
		{8B83F235-1756-4100-A6E3-20F550D6E6A3}.Debug|Any CPU.ActiveCfg = Debug|Any CPU
		{8B83F235-1756-4100-A6E3-20F550D6E6A3}.Debug|Any CPU.Build.0 = Debug|Any CPU
		{8B83F235-1756-4100-A6E3-20F550D6E6A3}.Debug|ARM.ActiveCfg = Debug|Any CPU
		{8B83F235-1756-4100-A6E3-20F550D6E6A3}.Debug|ARM.Build.0 = Debug|Any CPU
		{8B83F235-1756-4100-A6E3-20F550D6E6A3}.Debug|iPhone.ActiveCfg = Debug|Any CPU
		{8B83F235-1756-4100-A6E3-20F550D6E6A3}.Debug|iPhone.Build.0 = Debug|Any CPU
		{8B83F235-1756-4100-A6E3-20F550D6E6A3}.Debug|iPhoneSimulator.ActiveCfg = Debug|Any CPU
		{8B83F235-1756-4100-A6E3-20F550D6E6A3}.Debug|iPhoneSimulator.Build.0 = Debug|Any CPU
		{8B83F235-1756-4100-A6E3-20F550D6E6A3}.Debug|x64.ActiveCfg = Debug|Any CPU
		{8B83F235-1756-4100-A6E3-20F550D6E6A3}.Debug|x64.Build.0 = Debug|Any CPU
		{8B83F235-1756-4100-A6E3-20F550D6E6A3}.Debug|x86.ActiveCfg = Debug|Any CPU
		{8B83F235-1756-4100-A6E3-20F550D6E6A3}.Debug|x86.Build.0 = Debug|Any CPU
		{8B83F235-1756-4100-A6E3-20F550D6E6A3}.Release|Any CPU.ActiveCfg = Release|Any CPU
		{8B83F235-1756-4100-A6E3-20F550D6E6A3}.Release|Any CPU.Build.0 = Release|Any CPU
		{8B83F235-1756-4100-A6E3-20F550D6E6A3}.Release|ARM.ActiveCfg = Release|Any CPU
		{8B83F235-1756-4100-A6E3-20F550D6E6A3}.Release|ARM.Build.0 = Release|Any CPU
		{8B83F235-1756-4100-A6E3-20F550D6E6A3}.Release|iPhone.ActiveCfg = Release|Any CPU
		{8B83F235-1756-4100-A6E3-20F550D6E6A3}.Release|iPhone.Build.0 = Release|Any CPU
		{8B83F235-1756-4100-A6E3-20F550D6E6A3}.Release|iPhoneSimulator.ActiveCfg = Release|Any CPU
		{8B83F235-1756-4100-A6E3-20F550D6E6A3}.Release|iPhoneSimulator.Build.0 = Release|Any CPU
		{8B83F235-1756-4100-A6E3-20F550D6E6A3}.Release|x64.ActiveCfg = Release|Any CPU
		{8B83F235-1756-4100-A6E3-20F550D6E6A3}.Release|x64.Build.0 = Release|Any CPU
		{8B83F235-1756-4100-A6E3-20F550D6E6A3}.Release|x86.ActiveCfg = Release|Any CPU
		{8B83F235-1756-4100-A6E3-20F550D6E6A3}.Release|x86.Build.0 = Release|Any CPU
		{F03A6C93-4754-4C57-A443-3A9572224520}.Ad-Hoc|Any CPU.ActiveCfg = Release|Any CPU
		{F03A6C93-4754-4C57-A443-3A9572224520}.Ad-Hoc|Any CPU.Build.0 = Release|Any CPU
		{F03A6C93-4754-4C57-A443-3A9572224520}.Ad-Hoc|ARM.ActiveCfg = Release|Any CPU
		{F03A6C93-4754-4C57-A443-3A9572224520}.Ad-Hoc|ARM.Build.0 = Release|Any CPU
		{F03A6C93-4754-4C57-A443-3A9572224520}.Ad-Hoc|iPhone.ActiveCfg = Release|Any CPU
		{F03A6C93-4754-4C57-A443-3A9572224520}.Ad-Hoc|iPhone.Build.0 = Release|Any CPU
		{F03A6C93-4754-4C57-A443-3A9572224520}.Ad-Hoc|iPhoneSimulator.ActiveCfg = Release|Any CPU
		{F03A6C93-4754-4C57-A443-3A9572224520}.Ad-Hoc|iPhoneSimulator.Build.0 = Release|Any CPU
		{F03A6C93-4754-4C57-A443-3A9572224520}.Ad-Hoc|x64.ActiveCfg = Release|Any CPU
		{F03A6C93-4754-4C57-A443-3A9572224520}.Ad-Hoc|x64.Build.0 = Release|Any CPU
		{F03A6C93-4754-4C57-A443-3A9572224520}.Ad-Hoc|x86.ActiveCfg = Release|Any CPU
		{F03A6C93-4754-4C57-A443-3A9572224520}.Ad-Hoc|x86.Build.0 = Release|Any CPU
		{F03A6C93-4754-4C57-A443-3A9572224520}.AppStore|Any CPU.ActiveCfg = Release|Any CPU
		{F03A6C93-4754-4C57-A443-3A9572224520}.AppStore|Any CPU.Build.0 = Release|Any CPU
		{F03A6C93-4754-4C57-A443-3A9572224520}.AppStore|ARM.ActiveCfg = Release|Any CPU
		{F03A6C93-4754-4C57-A443-3A9572224520}.AppStore|ARM.Build.0 = Release|Any CPU
		{F03A6C93-4754-4C57-A443-3A9572224520}.AppStore|iPhone.ActiveCfg = Release|Any CPU
		{F03A6C93-4754-4C57-A443-3A9572224520}.AppStore|iPhone.Build.0 = Release|Any CPU
		{F03A6C93-4754-4C57-A443-3A9572224520}.AppStore|iPhoneSimulator.ActiveCfg = Release|Any CPU
		{F03A6C93-4754-4C57-A443-3A9572224520}.AppStore|iPhoneSimulator.Build.0 = Release|Any CPU
		{F03A6C93-4754-4C57-A443-3A9572224520}.AppStore|x64.ActiveCfg = Release|Any CPU
		{F03A6C93-4754-4C57-A443-3A9572224520}.AppStore|x64.Build.0 = Release|Any CPU
		{F03A6C93-4754-4C57-A443-3A9572224520}.AppStore|x86.ActiveCfg = Release|Any CPU
		{F03A6C93-4754-4C57-A443-3A9572224520}.AppStore|x86.Build.0 = Release|Any CPU
		{F03A6C93-4754-4C57-A443-3A9572224520}.Debug|Any CPU.ActiveCfg = Debug|Any CPU
		{F03A6C93-4754-4C57-A443-3A9572224520}.Debug|Any CPU.Build.0 = Debug|Any CPU
		{F03A6C93-4754-4C57-A443-3A9572224520}.Debug|ARM.ActiveCfg = Debug|Any CPU
		{F03A6C93-4754-4C57-A443-3A9572224520}.Debug|ARM.Build.0 = Debug|Any CPU
		{F03A6C93-4754-4C57-A443-3A9572224520}.Debug|iPhone.ActiveCfg = Debug|Any CPU
		{F03A6C93-4754-4C57-A443-3A9572224520}.Debug|iPhone.Build.0 = Debug|Any CPU
		{F03A6C93-4754-4C57-A443-3A9572224520}.Debug|iPhoneSimulator.ActiveCfg = Debug|Any CPU
		{F03A6C93-4754-4C57-A443-3A9572224520}.Debug|iPhoneSimulator.Build.0 = Debug|Any CPU
		{F03A6C93-4754-4C57-A443-3A9572224520}.Debug|x64.ActiveCfg = Debug|Any CPU
		{F03A6C93-4754-4C57-A443-3A9572224520}.Debug|x64.Build.0 = Debug|Any CPU
		{F03A6C93-4754-4C57-A443-3A9572224520}.Debug|x86.ActiveCfg = Debug|Any CPU
		{F03A6C93-4754-4C57-A443-3A9572224520}.Debug|x86.Build.0 = Debug|Any CPU
		{F03A6C93-4754-4C57-A443-3A9572224520}.Release|Any CPU.ActiveCfg = Release|Any CPU
		{F03A6C93-4754-4C57-A443-3A9572224520}.Release|Any CPU.Build.0 = Release|Any CPU
		{F03A6C93-4754-4C57-A443-3A9572224520}.Release|ARM.ActiveCfg = Release|Any CPU
		{F03A6C93-4754-4C57-A443-3A9572224520}.Release|ARM.Build.0 = Release|Any CPU
		{F03A6C93-4754-4C57-A443-3A9572224520}.Release|iPhone.ActiveCfg = Release|Any CPU
		{F03A6C93-4754-4C57-A443-3A9572224520}.Release|iPhone.Build.0 = Release|Any CPU
		{F03A6C93-4754-4C57-A443-3A9572224520}.Release|iPhoneSimulator.ActiveCfg = Release|Any CPU
		{F03A6C93-4754-4C57-A443-3A9572224520}.Release|iPhoneSimulator.Build.0 = Release|Any CPU
		{F03A6C93-4754-4C57-A443-3A9572224520}.Release|x64.ActiveCfg = Release|Any CPU
		{F03A6C93-4754-4C57-A443-3A9572224520}.Release|x64.Build.0 = Release|Any CPU
		{F03A6C93-4754-4C57-A443-3A9572224520}.Release|x86.ActiveCfg = Release|Any CPU
		{F03A6C93-4754-4C57-A443-3A9572224520}.Release|x86.Build.0 = Release|Any CPU
	EndGlobalSection
	GlobalSection(SolutionProperties) = preSolution
		HideSolutionNode = FALSE
	EndGlobalSection
	GlobalSection(ExtensibilityGlobals) = postSolution
		SolutionGuid = {F8D0B06F-CE39-4C38-8FD6-0DD1049BBE41}
	EndGlobalSection
EndGlobal
